
Microsoft Visual Studio Solution File, Format Version 12.00
# Visual Studio 15
VisualStudioVersion = 15.0.27703.2026
MinimumVisualStudioVersion = 10.0.40219.1
Project("{FAE04EC0-301F-11D3-BF4B-00C04F79EFBC}") = "MVC_Asp.Net", "MVC_Asp.Net\MVC_Asp.Net.csproj", "{3169DD4E-3757-480E-A6BB-BCDA40EBE2A9}"
EndProject
Global
	GlobalSection(SolutionConfigurationPlatforms) = preSolution
		Debug|Any CPU = Debug|Any CPU
		Release|Any CPU = Release|Any CPU
	EndGlobalSection
	GlobalSection(ProjectConfigurationPlatforms) = postSolution
		{3169DD4E-3757-480E-A6BB-BCDA40EBE2A9}.Debug|Any CPU.ActiveCfg = Debug|Any CPU
		{3169DD4E-3757-480E-A6BB-BCDA40EBE2A9}.Debug|Any CPU.Build.0 = Debug|Any CPU
		{3169DD4E-3757-480E-A6BB-BCDA40EBE2A9}.Release|Any CPU.ActiveCfg = Release|Any CPU
		{3169DD4E-3757-480E-A6BB-BCDA40EBE2A9}.Release|Any CPU.Build.0 = Release|Any CPU
	EndGlobalSection
	GlobalSection(SolutionProperties) = preSolution
		HideSolutionNode = FALSE
	EndGlobalSection
	GlobalSection(ExtensibilityGlobals) = postSolution
		SolutionGuid = {2D69FE67-259C-4204-90E2-BAA34A7D8DB7}
	EndGlobalSection
EndGlobal
